
Microsoft Visual Studio Solution File, Format Version 12.00
# Visual Studio 15
VisualStudioVersion = 15.0.28307.1082
MinimumVisualStudioVersion = 10.0.40219.1
Project("{8BC9CEB8-8B4A-11D0-8D11-00A0C91BC942}") = "Functions", "Functions\Functions.vcxproj", "{2968CCD5-79ED-4AC2-9548-A339CA188C9F}"
EndProject
Project("{8BC9CEB8-8B4A-11D0-8D11-00A0C91BC942}") = "Arrays", "Arrays\Arrays.vcxproj", "{79AD93A7-446B-4768-B94C-4DC57A2C317F}"
EndProject
Project("{8BC9CEB8-8B4A-11D0-8D11-00A0C91BC942}") = "Recursion", "Recursion\Recursion.vcxproj", "{B12846E6-B368-48CE-8114-3C11F4C3F61A}"
EndProject
Project("{8BC9CEB8-8B4A-11D0-8D11-00A0C91BC942}") = "TicTacToe", "TicTacToe\TicTacToe.vcxproj", "{82CE6C1F-60D6-4DEC-8FAF-A4789B889904}"
EndProject
Global
	GlobalSection(SolutionConfigurationPlatforms) = preSolution
		Debug|x64 = Debug|x64
		Debug|x86 = Debug|x86
		Release|x64 = Release|x64
		Release|x86 = Release|x86
	EndGlobalSection
	GlobalSection(ProjectConfigurationPlatforms) = postSolution
		{2968CCD5-79ED-4AC2-9548-A339CA188C9F}.Debug|x64.ActiveCfg = Debug|x64
		{2968CCD5-79ED-4AC2-9548-A339CA188C9F}.Debug|x64.Build.0 = Debug|x64
		{2968CCD5-79ED-4AC2-9548-A339CA188C9F}.Debug|x86.ActiveCfg = Debug|Win32
		{2968CCD5-79ED-4AC2-9548-A339CA188C9F}.Debug|x86.Build.0 = Debug|Win32
		{2968CCD5-79ED-4AC2-9548-A339CA188C9F}.Release|x64.ActiveCfg = Release|x64
		{2968CCD5-79ED-4AC2-9548-A339CA188C9F}.Release|x64.Build.0 = Release|x64
		{2968CCD5-79ED-4AC2-9548-A339CA188C9F}.Release|x86.ActiveCfg = Release|Win32
		{2968CCD5-79ED-4AC2-9548-A339CA188C9F}.Release|x86.Build.0 = Release|Win32
		{79AD93A7-446B-4768-B94C-4DC57A2C317F}.Debug|x64.ActiveCfg = Debug|x64
		{79AD93A7-446B-4768-B94C-4DC57A2C317F}.Debug|x64.Build.0 = Debug|x64
		{79AD93A7-446B-4768-B94C-4DC57A2C317F}.Debug|x86.ActiveCfg = Debug|Win32
		{79AD93A7-446B-4768-B94C-4DC57A2C317F}.Debug|x86.Build.0 = Debug|Win32
		{79AD93A7-446B-4768-B94C-4DC57A2C317F}.Release|x64.ActiveCfg = Release|x64
		{79AD93A7-446B-4768-B94C-4DC57A2C317F}.Release|x64.Build.0 = Release|x64
		{79AD93A7-446B-4768-B94C-4DC57A2C317F}.Release|x86.ActiveCfg = Release|Win32
		{79AD93A7-446B-4768-B94C-4DC57A2C317F}.Release|x86.Build.0 = Release|Win32
		{B12846E6-B368-48CE-8114-3C11F4C3F61A}.Debug|x64.ActiveCfg = Debug|x64
		{B12846E6-B368-48CE-8114-3C11F4C3F61A}.Debug|x64.Build.0 = Debug|x64
		{B12846E6-B368-48CE-8114-3C11F4C3F61A}.Debug|x86.ActiveCfg = Debug|Win32
		{B12846E6-B368-48CE-8114-3C11F4C3F61A}.Debug|x86.Build.0 = Debug|Win32
		{B12846E6-B368-48CE-8114-3C11F4C3F61A}.Release|x64.ActiveCfg = Release|x64
		{B12846E6-B368-48CE-8114-3C11F4C3F61A}.Release|x64.Build.0 = Release|x64
		{B12846E6-B368-48CE-8114-3C11F4C3F61A}.Release|x86.ActiveCfg = Release|Win32
		{B12846E6-B368-48CE-8114-3C11F4C3F61A}.Release|x86.Build.0 = Release|Win32
		{82CE6C1F-60D6-4DEC-8FAF-A4789B889904}.Debug|x64.ActiveCfg = Debug|x64
		{82CE6C1F-60D6-4DEC-8FAF-A4789B889904}.Debug|x64.Build.0 = Debug|x64
		{82CE6C1F-60D6-4DEC-8FAF-A4789B889904}.Debug|x86.ActiveCfg = Debug|Win32
		{82CE6C1F-60D6-4DEC-8FAF-A4789B889904}.Debug|x86.Build.0 = Debug|Win32
		{82CE6C1F-60D6-4DEC-8FAF-A4789B889904}.Release|x64.ActiveCfg = Release|x64
		{82CE6C1F-60D6-4DEC-8FAF-A4789B889904}.Release|x64.Build.0 = Release|x64
		{82CE6C1F-60D6-4DEC-8FAF-A4789B889904}.Release|x86.ActiveCfg = Release|Win32
		{82CE6C1F-60D6-4DEC-8FAF-A4789B889904}.Release|x86.Build.0 = Release|Win32
	EndGlobalSection
	GlobalSection(SolutionProperties) = preSolution
		HideSolutionNode = FALSE
	EndGlobalSection
	GlobalSection(ExtensibilityGlobals) = postSolution
		SolutionGuid = {72F8CEF7-865D-4A45-B62A-AC2DDD4E539A}
	EndGlobalSection
EndGlobal
