
Microsoft Visual Studio Solution File, Format Version 12.00
# Visual Studio 15
VisualStudioVersion = 15.0.28307.1082
MinimumVisualStudioVersion = 10.0.40219.1
Project("{8BC9CEB8-8B4A-11D0-8D11-00A0C91BC942}") = "DataTypes", "DataTypes\DataTypes.vcxproj", "{5BCAAFD9-E0A1-44C7-9863-ACFB33CDD237}"
EndProject
Project("{8BC9CEB8-8B4A-11D0-8D11-00A0C91BC942}") = "HomeWork", "HomeWork\HomeWork.vcxproj", "{A3F32845-2DE4-44F6-AC4E-A12F720983AE}"
EndProject
Global
	GlobalSection(SolutionConfigurationPlatforms) = preSolution
		Debug|x64 = Debug|x64
		Debug|x86 = Debug|x86
		Release|x64 = Release|x64
		Release|x86 = Release|x86
	EndGlobalSection
	GlobalSection(ProjectConfigurationPlatforms) = postSolution
		{5BCAAFD9-E0A1-44C7-9863-ACFB33CDD237}.Debug|x64.ActiveCfg = Debug|x64
		{5BCAAFD9-E0A1-44C7-9863-ACFB33CDD237}.Debug|x64.Build.0 = Debug|x64
		{5BCAAFD9-E0A1-44C7-9863-ACFB33CDD237}.Debug|x86.ActiveCfg = Debug|Win32
		{5BCAAFD9-E0A1-44C7-9863-ACFB33CDD237}.Debug|x86.Build.0 = Debug|Win32
		{5BCAAFD9-E0A1-44C7-9863-ACFB33CDD237}.Release|x64.ActiveCfg = Release|x64
		{5BCAAFD9-E0A1-44C7-9863-ACFB33CDD237}.Release|x64.Build.0 = Release|x64
		{5BCAAFD9-E0A1-44C7-9863-ACFB33CDD237}.Release|x86.ActiveCfg = Release|Win32
		{5BCAAFD9-E0A1-44C7-9863-ACFB33CDD237}.Release|x86.Build.0 = Release|Win32
		{A3F32845-2DE4-44F6-AC4E-A12F720983AE}.Debug|x64.ActiveCfg = Debug|x64
		{A3F32845-2DE4-44F6-AC4E-A12F720983AE}.Debug|x64.Build.0 = Debug|x64
		{A3F32845-2DE4-44F6-AC4E-A12F720983AE}.Debug|x86.ActiveCfg = Debug|Win32
		{A3F32845-2DE4-44F6-AC4E-A12F720983AE}.Debug|x86.Build.0 = Debug|Win32
		{A3F32845-2DE4-44F6-AC4E-A12F720983AE}.Release|x64.ActiveCfg = Release|x64
		{A3F32845-2DE4-44F6-AC4E-A12F720983AE}.Release|x64.Build.0 = Release|x64
		{A3F32845-2DE4-44F6-AC4E-A12F720983AE}.Release|x86.ActiveCfg = Release|Win32
		{A3F32845-2DE4-44F6-AC4E-A12F720983AE}.Release|x86.Build.0 = Release|Win32
	EndGlobalSection
	GlobalSection(SolutionProperties) = preSolution
		HideSolutionNode = FALSE
	EndGlobalSection
	GlobalSection(ExtensibilityGlobals) = postSolution
		SolutionGuid = {B618D5D3-2ED6-42EB-8134-43D49A4C2B07}
	EndGlobalSection
EndGlobal
