
Microsoft Visual Studio Solution File, Format Version 12.00
# Visual Studio 15
VisualStudioVersion = 15.0.28307.1082
MinimumVisualStudioVersion = 10.0.40219.1
Project("{8BC9CEB8-8B4A-11D0-8D11-00A0C91BC942}") = "ControlStructures", "ControlStructures\ControlStructures.vcxproj", "{1AC63061-01FE-4EC4-8877-4DA48E0F749A}"
EndProject
Project("{8BC9CEB8-8B4A-11D0-8D11-00A0C91BC942}") = "HomeWork1", "HomeWork1\HomeWork1.vcxproj", "{B9452AC6-DCCB-4EEC-9F6D-0AE95F28B351}"
EndProject
Project("{8BC9CEB8-8B4A-11D0-8D11-00A0C91BC942}") = "HomeWork2", "HomeWork2\HomeWork2.vcxproj", "{680DA236-0205-4A1D-9D60-F9F571DF0A2F}"
EndProject
Project("{8BC9CEB8-8B4A-11D0-8D11-00A0C91BC942}") = "LOOPS", "LOOPS\LOOPS.vcxproj", "{C693E30F-BAE7-4C8E-9C37-E6C32659449C}"
EndProject
Project("{8BC9CEB8-8B4A-11D0-8D11-00A0C91BC942}") = "HomeWorkPalindrome", "HomeWorkPalindrome\HomeWorkPalindrome.vcxproj", "{67238CC2-CBF1-4CBD-85A8-D6F9DD6C651F}"
EndProject
Project("{8BC9CEB8-8B4A-11D0-8D11-00A0C91BC942}") = "Palindrome", "Palindrome\Palindrome.vcxproj", "{D4AA756F-CA1E-4673-9DB9-CCB007415640}"
EndProject
Project("{8BC9CEB8-8B4A-11D0-8D11-00A0C91BC942}") = "FOR", "FOR\FOR.vcxproj", "{07E79B07-945C-428F-B0E2-E5059C256AFD}"
EndProject
Project("{8BC9CEB8-8B4A-11D0-8D11-00A0C91BC942}") = "NestedFOR", "NestedFOR\NestedFOR.vcxproj", "{EDB88A55-7A9C-46FB-8AFF-A6F6286C91F8}"
EndProject
Project("{8BC9CEB8-8B4A-11D0-8D11-00A0C91BC942}") = "Geometry", "Geometry\Geometry.vcxproj", "{9FFF1816-1A70-470A-986F-1494F727E76D}"
EndProject
Project("{8BC9CEB8-8B4A-11D0-8D11-00A0C91BC942}") = "HomeWork", "HomeWork\HomeWork.vcxproj", "{D6166770-5446-46D0-A982-6DE018D59BD8}"
EndProject
Project("{8BC9CEB8-8B4A-11D0-8D11-00A0C91BC942}") = "HardChessAlina", "HardChessAlina\HardChessAlina.vcxproj", "{D5897A10-64F8-419E-9BB4-C01139B31B14}"
EndProject
Project("{8BC9CEB8-8B4A-11D0-8D11-00A0C91BC942}") = "Chess", "Chess\Chess.vcxproj", "{194F1825-40E1-49C3-8B3C-D18262CEEB39}"
EndProject
Global
	GlobalSection(SolutionConfigurationPlatforms) = preSolution
		Debug|x64 = Debug|x64
		Debug|x86 = Debug|x86
		Release|x64 = Release|x64
		Release|x86 = Release|x86
	EndGlobalSection
	GlobalSection(ProjectConfigurationPlatforms) = postSolution
		{1AC63061-01FE-4EC4-8877-4DA48E0F749A}.Debug|x64.ActiveCfg = Debug|x64
		{1AC63061-01FE-4EC4-8877-4DA48E0F749A}.Debug|x64.Build.0 = Debug|x64
		{1AC63061-01FE-4EC4-8877-4DA48E0F749A}.Debug|x86.ActiveCfg = Debug|Win32
		{1AC63061-01FE-4EC4-8877-4DA48E0F749A}.Debug|x86.Build.0 = Debug|Win32
		{1AC63061-01FE-4EC4-8877-4DA48E0F749A}.Release|x64.ActiveCfg = Release|x64
		{1AC63061-01FE-4EC4-8877-4DA48E0F749A}.Release|x64.Build.0 = Release|x64
		{1AC63061-01FE-4EC4-8877-4DA48E0F749A}.Release|x86.ActiveCfg = Release|Win32
		{1AC63061-01FE-4EC4-8877-4DA48E0F749A}.Release|x86.Build.0 = Release|Win32
		{B9452AC6-DCCB-4EEC-9F6D-0AE95F28B351}.Debug|x64.ActiveCfg = Debug|x64
		{B9452AC6-DCCB-4EEC-9F6D-0AE95F28B351}.Debug|x64.Build.0 = Debug|x64
		{B9452AC6-DCCB-4EEC-9F6D-0AE95F28B351}.Debug|x86.ActiveCfg = Debug|Win32
		{B9452AC6-DCCB-4EEC-9F6D-0AE95F28B351}.Debug|x86.Build.0 = Debug|Win32
		{B9452AC6-DCCB-4EEC-9F6D-0AE95F28B351}.Release|x64.ActiveCfg = Release|x64
		{B9452AC6-DCCB-4EEC-9F6D-0AE95F28B351}.Release|x64.Build.0 = Release|x64
		{B9452AC6-DCCB-4EEC-9F6D-0AE95F28B351}.Release|x86.ActiveCfg = Release|Win32
		{B9452AC6-DCCB-4EEC-9F6D-0AE95F28B351}.Release|x86.Build.0 = Release|Win32
		{680DA236-0205-4A1D-9D60-F9F571DF0A2F}.Debug|x64.ActiveCfg = Debug|x64
		{680DA236-0205-4A1D-9D60-F9F571DF0A2F}.Debug|x64.Build.0 = Debug|x64
		{680DA236-0205-4A1D-9D60-F9F571DF0A2F}.Debug|x86.ActiveCfg = Debug|Win32
		{680DA236-0205-4A1D-9D60-F9F571DF0A2F}.Debug|x86.Build.0 = Debug|Win32
		{680DA236-0205-4A1D-9D60-F9F571DF0A2F}.Release|x64.ActiveCfg = Release|x64
		{680DA236-0205-4A1D-9D60-F9F571DF0A2F}.Release|x64.Build.0 = Release|x64
		{680DA236-0205-4A1D-9D60-F9F571DF0A2F}.Release|x86.ActiveCfg = Release|Win32
		{680DA236-0205-4A1D-9D60-F9F571DF0A2F}.Release|x86.Build.0 = Release|Win32
		{C693E30F-BAE7-4C8E-9C37-E6C32659449C}.Debug|x64.ActiveCfg = Debug|x64
		{C693E30F-BAE7-4C8E-9C37-E6C32659449C}.Debug|x64.Build.0 = Debug|x64
		{C693E30F-BAE7-4C8E-9C37-E6C32659449C}.Debug|x86.ActiveCfg = Debug|Win32
		{C693E30F-BAE7-4C8E-9C37-E6C32659449C}.Debug|x86.Build.0 = Debug|Win32
		{C693E30F-BAE7-4C8E-9C37-E6C32659449C}.Release|x64.ActiveCfg = Release|x64
		{C693E30F-BAE7-4C8E-9C37-E6C32659449C}.Release|x64.Build.0 = Release|x64
		{C693E30F-BAE7-4C8E-9C37-E6C32659449C}.Release|x86.ActiveCfg = Release|Win32
		{C693E30F-BAE7-4C8E-9C37-E6C32659449C}.Release|x86.Build.0 = Release|Win32
		{67238CC2-CBF1-4CBD-85A8-D6F9DD6C651F}.Debug|x64.ActiveCfg = Debug|x64
		{67238CC2-CBF1-4CBD-85A8-D6F9DD6C651F}.Debug|x64.Build.0 = Debug|x64
		{67238CC2-CBF1-4CBD-85A8-D6F9DD6C651F}.Debug|x86.ActiveCfg = Debug|Win32
		{67238CC2-CBF1-4CBD-85A8-D6F9DD6C651F}.Debug|x86.Build.0 = Debug|Win32
		{67238CC2-CBF1-4CBD-85A8-D6F9DD6C651F}.Release|x64.ActiveCfg = Release|x64
		{67238CC2-CBF1-4CBD-85A8-D6F9DD6C651F}.Release|x64.Build.0 = Release|x64
		{67238CC2-CBF1-4CBD-85A8-D6F9DD6C651F}.Release|x86.ActiveCfg = Release|Win32
		{67238CC2-CBF1-4CBD-85A8-D6F9DD6C651F}.Release|x86.Build.0 = Release|Win32
		{D4AA756F-CA1E-4673-9DB9-CCB007415640}.Debug|x64.ActiveCfg = Debug|x64
		{D4AA756F-CA1E-4673-9DB9-CCB007415640}.Debug|x64.Build.0 = Debug|x64
		{D4AA756F-CA1E-4673-9DB9-CCB007415640}.Debug|x86.ActiveCfg = Debug|Win32
		{D4AA756F-CA1E-4673-9DB9-CCB007415640}.Debug|x86.Build.0 = Debug|Win32
		{D4AA756F-CA1E-4673-9DB9-CCB007415640}.Release|x64.ActiveCfg = Release|x64
		{D4AA756F-CA1E-4673-9DB9-CCB007415640}.Release|x64.Build.0 = Release|x64
		{D4AA756F-CA1E-4673-9DB9-CCB007415640}.Release|x86.ActiveCfg = Release|Win32
		{D4AA756F-CA1E-4673-9DB9-CCB007415640}.Release|x86.Build.0 = Release|Win32
		{07E79B07-945C-428F-B0E2-E5059C256AFD}.Debug|x64.ActiveCfg = Debug|x64
		{07E79B07-945C-428F-B0E2-E5059C256AFD}.Debug|x64.Build.0 = Debug|x64
		{07E79B07-945C-428F-B0E2-E5059C256AFD}.Debug|x86.ActiveCfg = Debug|Win32
		{07E79B07-945C-428F-B0E2-E5059C256AFD}.Debug|x86.Build.0 = Debug|Win32
		{07E79B07-945C-428F-B0E2-E5059C256AFD}.Release|x64.ActiveCfg = Release|x64
		{07E79B07-945C-428F-B0E2-E5059C256AFD}.Release|x64.Build.0 = Release|x64
		{07E79B07-945C-428F-B0E2-E5059C256AFD}.Release|x86.ActiveCfg = Release|Win32
		{07E79B07-945C-428F-B0E2-E5059C256AFD}.Release|x86.Build.0 = Release|Win32
		{EDB88A55-7A9C-46FB-8AFF-A6F6286C91F8}.Debug|x64.ActiveCfg = Debug|x64
		{EDB88A55-7A9C-46FB-8AFF-A6F6286C91F8}.Debug|x64.Build.0 = Debug|x64
		{EDB88A55-7A9C-46FB-8AFF-A6F6286C91F8}.Debug|x86.ActiveCfg = Debug|Win32
		{EDB88A55-7A9C-46FB-8AFF-A6F6286C91F8}.Debug|x86.Build.0 = Debug|Win32
		{EDB88A55-7A9C-46FB-8AFF-A6F6286C91F8}.Release|x64.ActiveCfg = Release|x64
		{EDB88A55-7A9C-46FB-8AFF-A6F6286C91F8}.Release|x64.Build.0 = Release|x64
		{EDB88A55-7A9C-46FB-8AFF-A6F6286C91F8}.Release|x86.ActiveCfg = Release|Win32
		{EDB88A55-7A9C-46FB-8AFF-A6F6286C91F8}.Release|x86.Build.0 = Release|Win32
		{9FFF1816-1A70-470A-986F-1494F727E76D}.Debug|x64.ActiveCfg = Debug|x64
		{9FFF1816-1A70-470A-986F-1494F727E76D}.Debug|x64.Build.0 = Debug|x64
		{9FFF1816-1A70-470A-986F-1494F727E76D}.Debug|x86.ActiveCfg = Debug|Win32
		{9FFF1816-1A70-470A-986F-1494F727E76D}.Debug|x86.Build.0 = Debug|Win32
		{9FFF1816-1A70-470A-986F-1494F727E76D}.Release|x64.ActiveCfg = Release|x64
		{9FFF1816-1A70-470A-986F-1494F727E76D}.Release|x64.Build.0 = Release|x64
		{9FFF1816-1A70-470A-986F-1494F727E76D}.Release|x86.ActiveCfg = Release|Win32
		{9FFF1816-1A70-470A-986F-1494F727E76D}.Release|x86.Build.0 = Release|Win32
		{D6166770-5446-46D0-A982-6DE018D59BD8}.Debug|x64.ActiveCfg = Debug|x64
		{D6166770-5446-46D0-A982-6DE018D59BD8}.Debug|x64.Build.0 = Debug|x64
		{D6166770-5446-46D0-A982-6DE018D59BD8}.Debug|x86.ActiveCfg = Debug|Win32
		{D6166770-5446-46D0-A982-6DE018D59BD8}.Debug|x86.Build.0 = Debug|Win32
		{D6166770-5446-46D0-A982-6DE018D59BD8}.Release|x64.ActiveCfg = Release|x64
		{D6166770-5446-46D0-A982-6DE018D59BD8}.Release|x64.Build.0 = Release|x64
		{D6166770-5446-46D0-A982-6DE018D59BD8}.Release|x86.ActiveCfg = Release|Win32
		{D6166770-5446-46D0-A982-6DE018D59BD8}.Release|x86.Build.0 = Release|Win32
		{D5897A10-64F8-419E-9BB4-C01139B31B14}.Debug|x64.ActiveCfg = Debug|x64
		{D5897A10-64F8-419E-9BB4-C01139B31B14}.Debug|x64.Build.0 = Debug|x64
		{D5897A10-64F8-419E-9BB4-C01139B31B14}.Debug|x86.ActiveCfg = Debug|Win32
		{D5897A10-64F8-419E-9BB4-C01139B31B14}.Debug|x86.Build.0 = Debug|Win32
		{D5897A10-64F8-419E-9BB4-C01139B31B14}.Release|x64.ActiveCfg = Release|x64
		{D5897A10-64F8-419E-9BB4-C01139B31B14}.Release|x64.Build.0 = Release|x64
		{D5897A10-64F8-419E-9BB4-C01139B31B14}.Release|x86.ActiveCfg = Release|Win32
		{D5897A10-64F8-419E-9BB4-C01139B31B14}.Release|x86.Build.0 = Release|Win32
		{194F1825-40E1-49C3-8B3C-D18262CEEB39}.Debug|x64.ActiveCfg = Debug|x64
		{194F1825-40E1-49C3-8B3C-D18262CEEB39}.Debug|x64.Build.0 = Debug|x64
		{194F1825-40E1-49C3-8B3C-D18262CEEB39}.Debug|x86.ActiveCfg = Debug|Win32
		{194F1825-40E1-49C3-8B3C-D18262CEEB39}.Debug|x86.Build.0 = Debug|Win32
		{194F1825-40E1-49C3-8B3C-D18262CEEB39}.Release|x64.ActiveCfg = Release|x64
		{194F1825-40E1-49C3-8B3C-D18262CEEB39}.Release|x64.Build.0 = Release|x64
		{194F1825-40E1-49C3-8B3C-D18262CEEB39}.Release|x86.ActiveCfg = Release|Win32
		{194F1825-40E1-49C3-8B3C-D18262CEEB39}.Release|x86.Build.0 = Release|Win32
	EndGlobalSection
	GlobalSection(SolutionProperties) = preSolution
		HideSolutionNode = FALSE
	EndGlobalSection
	GlobalSection(ExtensibilityGlobals) = postSolution
		SolutionGuid = {52E24119-3679-4AB5-8C6A-EC92037B49D4}
	EndGlobalSection
EndGlobal
